
Microsoft Visual Studio Solution File, Format Version 12.00
# Visual Studio Version 16
VisualStudioVersion = 16.0.31410.357
MinimumVisualStudioVersion = 10.0.40219.1
Project("{FAE04EC0-301F-11D3-BF4B-00C04F79EFBC}") = "Test.UWP", "Test\Test.UWP\Test.UWP.csproj", "{E8993923-B16F-4E10-B549-036C58696B68}"
EndProject
Project("{FAE04EC0-301F-11D3-BF4B-00C04F79EFBC}") = "Test.Android", "Test\Test.Android\Test.Android.csproj", "{26EBB44C-566D-43B2-A37E-36F2758AB050}"
EndProject
Project("{FAE04EC0-301F-11D3-BF4B-00C04F79EFBC}") = "Test.iOS", "Test\Test.iOS\Test.iOS.csproj", "{6B64FEF6-03F1-483D-9F62-788054B64C38}"
EndProject
Project("{FAE04EC0-301F-11D3-BF4B-00C04F79EFBC}") = "Test", "Test\Test\Test.csproj", "{6B23B5D2-132A-4F7F-BCCD-767ADD660BD3}"
EndProject
Global
	GlobalSection(SolutionConfigurationPlatforms) = preSolution
		Debug|Any CPU = Debug|Any CPU
		Debug|ARM = Debug|ARM
		Debug|iPhone = Debug|iPhone
		Debug|iPhoneSimulator = Debug|iPhoneSimulator
		Debug|x64 = Debug|x64
		Debug|x86 = Debug|x86
		Release|Any CPU = Release|Any CPU
		Release|ARM = Release|ARM
		Release|iPhone = Release|iPhone
		Release|iPhoneSimulator = Release|iPhoneSimulator
		Release|x64 = Release|x64
		Release|x86 = Release|x86
	EndGlobalSection
	GlobalSection(ProjectConfigurationPlatforms) = postSolution
		{E8993923-B16F-4E10-B549-036C58696B68}.Debug|Any CPU.ActiveCfg = Debug|x86
		{E8993923-B16F-4E10-B549-036C58696B68}.Debug|Any CPU.Build.0 = Debug|x86
		{E8993923-B16F-4E10-B549-036C58696B68}.Debug|Any CPU.Deploy.0 = Debug|x86
		{E8993923-B16F-4E10-B549-036C58696B68}.Debug|ARM.ActiveCfg = Debug|ARM
		{E8993923-B16F-4E10-B549-036C58696B68}.Debug|ARM.Build.0 = Debug|ARM
		{E8993923-B16F-4E10-B549-036C58696B68}.Debug|ARM.Deploy.0 = Debug|ARM
		{E8993923-B16F-4E10-B549-036C58696B68}.Debug|iPhone.ActiveCfg = Debug|x86
		{E8993923-B16F-4E10-B549-036C58696B68}.Debug|iPhone.Build.0 = Debug|x86
		{E8993923-B16F-4E10-B549-036C58696B68}.Debug|iPhone.Deploy.0 = Debug|x86
		{E8993923-B16F-4E10-B549-036C58696B68}.Debug|iPhoneSimulator.ActiveCfg = Debug|x86
		{E8993923-B16F-4E10-B549-036C58696B68}.Debug|iPhoneSimulator.Build.0 = Debug|x86
		{E8993923-B16F-4E10-B549-036C58696B68}.Debug|iPhoneSimulator.Deploy.0 = Debug|x86
		{E8993923-B16F-4E10-B549-036C58696B68}.Debug|x64.ActiveCfg = Debug|x64
		{E8993923-B16F-4E10-B549-036C58696B68}.Debug|x64.Build.0 = Debug|x64
		{E8993923-B16F-4E10-B549-036C58696B68}.Debug|x64.Deploy.0 = Debug|x64
		{E8993923-B16F-4E10-B549-036C58696B68}.Debug|x86.ActiveCfg = Debug|x86
		{E8993923-B16F-4E10-B549-036C58696B68}.Debug|x86.Build.0 = Debug|x86
		{E8993923-B16F-4E10-B549-036C58696B68}.Debug|x86.Deploy.0 = Debug|x86
		{E8993923-B16F-4E10-B549-036C58696B68}.Release|Any CPU.ActiveCfg = Release|x86
		{E8993923-B16F-4E10-B549-036C58696B68}.Release|Any CPU.Build.0 = Release|x86
		{E8993923-B16F-4E10-B549-036C58696B68}.Release|Any CPU.Deploy.0 = Release|x86
		{E8993923-B16F-4E10-B549-036C58696B68}.Release|ARM.ActiveCfg = Release|ARM
		{E8993923-B16F-4E10-B549-036C58696B68}.Release|ARM.Build.0 = Release|ARM
		{E8993923-B16F-4E10-B549-036C58696B68}.Release|ARM.Deploy.0 = Release|ARM
		{E8993923-B16F-4E10-B549-036C58696B68}.Release|iPhone.ActiveCfg = Release|x86
		{E8993923-B16F-4E10-B549-036C58696B68}.Release|iPhone.Build.0 = Release|x86
		{E8993923-B16F-4E10-B549-036C58696B68}.Release|iPhone.Deploy.0 = Release|x86
		{E8993923-B16F-4E10-B549-036C58696B68}.Release|iPhoneSimulator.ActiveCfg = Release|x86
		{E8993923-B16F-4E10-B549-036C58696B68}.Release|iPhoneSimulator.Build.0 = Release|x86
		{E8993923-B16F-4E10-B549-036C58696B68}.Release|iPhoneSimulator.Deploy.0 = Release|x86
		{E8993923-B16F-4E10-B549-036C58696B68}.Release|x64.ActiveCfg = Release|x64
		{E8993923-B16F-4E10-B549-036C58696B68}.Release|x64.Build.0 = Release|x64
		{E8993923-B16F-4E10-B549-036C58696B68}.Release|x64.Deploy.0 = Release|x64
		{E8993923-B16F-4E10-B549-036C58696B68}.Release|x86.ActiveCfg = Release|x86
		{E8993923-B16F-4E10-B549-036C58696B68}.Release|x86.Build.0 = Release|x86
		{E8993923-B16F-4E10-B549-036C58696B68}.Release|x86.Deploy.0 = Release|x86
		{26EBB44C-566D-43B2-A37E-36F2758AB050}.Debug|Any CPU.ActiveCfg = Debug|Any CPU
		{26EBB44C-566D-43B2-A37E-36F2758AB050}.Debug|Any CPU.Build.0 = Debug|Any CPU
		{26EBB44C-566D-43B2-A37E-36F2758AB050}.Debug|Any CPU.Deploy.0 = Debug|Any CPU
		{26EBB44C-566D-43B2-A37E-36F2758AB050}.Debug|ARM.ActiveCfg = Debug|Any CPU
		{26EBB44C-566D-43B2-A37E-36F2758AB050}.Debug|ARM.Build.0 = Debug|Any CPU
		{26EBB44C-566D-43B2-A37E-36F2758AB050}.Debug|ARM.Deploy.0 = Debug|Any CPU
		{26EBB44C-566D-43B2-A37E-36F2758AB050}.Debug|iPhone.ActiveCfg = Debug|Any CPU
		{26EBB44C-566D-43B2-A37E-36F2758AB050}.Debug|iPhone.Build.0 = Debug|Any CPU
		{26EBB44C-566D-43B2-A37E-36F2758AB050}.Debug|iPhone.Deploy.0 = Debug|Any CPU
		{26EBB44C-566D-43B2-A37E-36F2758AB050}.Debug|iPhoneSimulator.ActiveCfg = Debug|Any CPU
		{26EBB44C-566D-43B2-A37E-36F2758AB050}.Debug|iPhoneSimulator.Build.0 = Debug|Any CPU
		{26EBB44C-566D-43B2-A37E-36F2758AB050}.Debug|iPhoneSimulator.Deploy.0 = Debug|Any CPU
		{26EBB44C-566D-43B2-A37E-36F2758AB050}.Debug|x64.ActiveCfg = Debug|Any CPU
		{26EBB44C-566D-43B2-A37E-36F2758AB050}.Debug|x64.Build.0 = Debug|Any CPU
		{26EBB44C-566D-43B2-A37E-36F2758AB050}.Debug|x64.Deploy.0 = Debug|Any CPU
		{26EBB44C-566D-43B2-A37E-36F2758AB050}.Debug|x86.ActiveCfg = Debug|Any CPU
		{26EBB44C-566D-43B2-A37E-36F2758AB050}.Debug|x86.Build.0 = Debug|Any CPU
		{26EBB44C-566D-43B2-A37E-36F2758AB050}.Debug|x86.Deploy.0 = Debug|Any CPU
		{26EBB44C-566D-43B2-A37E-36F2758AB050}.Release|Any CPU.ActiveCfg = Release|Any CPU
		{26EBB44C-566D-43B2-A37E-36F2758AB050}.Release|Any CPU.Build.0 = Release|Any CPU
		{26EBB44C-566D-43B2-A37E-36F2758AB050}.Release|Any CPU.Deploy.0 = Release|Any CPU
		{26EBB44C-566D-43B2-A37E-36F2758AB050}.Release|ARM.ActiveCfg = Release|Any CPU
		{26EBB44C-566D-43B2-A37E-36F2758AB050}.Release|ARM.Build.0 = Release|Any CPU
		{26EBB44C-566D-43B2-A37E-36F2758AB050}.Release|ARM.Deploy.0 = Release|Any CPU
		{26EBB44C-566D-43B2-A37E-36F2758AB050}.Release|iPhone.ActiveCfg = Release|Any CPU
		{26EBB44C-566D-43B2-A37E-36F2758AB050}.Release|iPhone.Build.0 = Release|Any CPU
		{26EBB44C-566D-43B2-A37E-36F2758AB050}.Release|iPhone.Deploy.0 = Release|Any CPU
		{26EBB44C-566D-43B2-A37E-36F2758AB050}.Release|iPhoneSimulator.ActiveCfg = Release|Any CPU
		{26EBB44C-566D-43B2-A37E-36F2758AB050}.Release|iPhoneSimulator.Build.0 = Release|Any CPU
		{26EBB44C-566D-43B2-A37E-36F2758AB050}.Release|iPhoneSimulator.Deploy.0 = Release|Any CPU
		{26EBB44C-566D-43B2-A37E-36F2758AB050}.Release|x64.ActiveCfg = Release|Any CPU
		{26EBB44C-566D-43B2-A37E-36F2758AB050}.Release|x64.Build.0 = Release|Any CPU
		{26EBB44C-566D-43B2-A37E-36F2758AB050}.Release|x64.Deploy.0 = Release|Any CPU
		{26EBB44C-566D-43B2-A37E-36F2758AB050}.Release|x86.ActiveCfg = Release|Any CPU
		{26EBB44C-566D-43B2-A37E-36F2758AB050}.Release|x86.Build.0 = Release|Any CPU
		{26EBB44C-566D-43B2-A37E-36F2758AB050}.Release|x86.Deploy.0 = Release|Any CPU
		{6B64FEF6-03F1-483D-9F62-788054B64C38}.Debug|Any CPU.ActiveCfg = Debug|iPhoneSimulator
		{6B64FEF6-03F1-483D-9F62-788054B64C38}.Debug|Any CPU.Build.0 = Debug|iPhoneSimulator
		{6B64FEF6-03F1-483D-9F62-788054B64C38}.Debug|Any CPU.Deploy.0 = Debug|iPhoneSimulator
		{6B64FEF6-03F1-483D-9F62-788054B64C38}.Debug|ARM.ActiveCfg = Debug|iPhone
		{6B64FEF6-03F1-483D-9F62-788054B64C38}.Debug|ARM.Build.0 = Debug|iPhone
		{6B64FEF6-03F1-483D-9F62-788054B64C38}.Debug|ARM.Deploy.0 = Debug|iPhone
		{6B64FEF6-03F1-483D-9F62-788054B64C38}.Debug|iPhone.ActiveCfg = Debug|iPhone
		{6B64FEF6-03F1-483D-9F62-788054B64C38}.Debug|iPhone.Build.0 = Debug|iPhone
		{6B64FEF6-03F1-483D-9F62-788054B64C38}.Debug|iPhone.Deploy.0 = Debug|iPhone
		{6B64FEF6-03F1-483D-9F62-788054B64C38}.Debug|iPhoneSimulator.ActiveCfg = Debug|iPhoneSimulator
		{6B64FEF6-03F1-483D-9F62-788054B64C38}.Debug|iPhoneSimulator.Build.0 = Debug|iPhoneSimulator
		{6B64FEF6-03F1-483D-9F62-788054B64C38}.Debug|iPhoneSimulator.Deploy.0 = Debug|iPhoneSimulator
		{6B64FEF6-03F1-483D-9F62-788054B64C38}.Debug|x64.ActiveCfg = Debug|iPhoneSimulator
		{6B64FEF6-03F1-483D-9F62-788054B64C38}.Debug|x64.Build.0 = Debug|iPhoneSimulator
		{6B64FEF6-03F1-483D-9F62-788054B64C38}.Debug|x64.Deploy.0 = Debug|iPhoneSimulator
		{6B64FEF6-03F1-483D-9F62-788054B64C38}.Debug|x86.ActiveCfg = Debug|iPhoneSimulator
		{6B64FEF6-03F1-483D-9F62-788054B64C38}.Debug|x86.Build.0 = Debug|iPhoneSimulator
		{6B64FEF6-03F1-483D-9F62-788054B64C38}.Debug|x86.Deploy.0 = Debug|iPhoneSimulator
		{6B64FEF6-03F1-483D-9F62-788054B64C38}.Release|Any CPU.ActiveCfg = Release|iPhoneSimulator
		{6B64FEF6-03F1-483D-9F62-788054B64C38}.Release|Any CPU.Build.0 = Release|iPhoneSimulator
		{6B64FEF6-03F1-483D-9F62-788054B64C38}.Release|Any CPU.Deploy.0 = Release|iPhoneSimulator
		{6B64FEF6-03F1-483D-9F62-788054B64C38}.Release|ARM.ActiveCfg = Release|iPhoneSimulator
		{6B64FEF6-03F1-483D-9F62-788054B64C38}.Release|ARM.Build.0 = Release|iPhoneSimulator
		{6B64FEF6-03F1-483D-9F62-788054B64C38}.Release|ARM.Deploy.0 = Release|iPhoneSimulator
		{6B64FEF6-03F1-483D-9F62-788054B64C38}.Release|iPhone.ActiveCfg = Release|iPhone
		{6B64FEF6-03F1-483D-9F62-788054B64C38}.Release|iPhone.Build.0 = Release|iPhone
		{6B64FEF6-03F1-483D-9F62-788054B64C38}.Release|iPhone.Deploy.0 = Release|iPhone
		{6B64FEF6-03F1-483D-9F62-788054B64C38}.Release|iPhoneSimulator.ActiveCfg = Release|iPhoneSimulator
		{6B64FEF6-03F1-483D-9F62-788054B64C38}.Release|iPhoneSimulator.Build.0 = Release|iPhoneSimulator
		{6B64FEF6-03F1-483D-9F62-788054B64C38}.Release|iPhoneSimulator.Deploy.0 = Release|iPhoneSimulator
		{6B64FEF6-03F1-483D-9F62-788054B64C38}.Release|x64.ActiveCfg = Release|iPhoneSimulator
		{6B64FEF6-03F1-483D-9F62-788054B64C38}.Release|x64.Build.0 = Release|iPhoneSimulator
		{6B64FEF6-03F1-483D-9F62-788054B64C38}.Release|x64.Deploy.0 = Release|iPhoneSimulator
		{6B64FEF6-03F1-483D-9F62-788054B64C38}.Release|x86.ActiveCfg = Release|iPhoneSimulator
		{6B64FEF6-03F1-483D-9F62-788054B64C38}.Release|x86.Build.0 = Release|iPhoneSimulator
		{6B64FEF6-03F1-483D-9F62-788054B64C38}.Release|x86.Deploy.0 = Release|iPhoneSimulator
		{6B23B5D2-132A-4F7F-BCCD-767ADD660BD3}.Debug|Any CPU.ActiveCfg = Debug|Any CPU
		{6B23B5D2-132A-4F7F-BCCD-767ADD660BD3}.Debug|Any CPU.Build.0 = Debug|Any CPU
		{6B23B5D2-132A-4F7F-BCCD-767ADD660BD3}.Debug|Any CPU.Deploy.0 = Debug|Any CPU
		{6B23B5D2-132A-4F7F-BCCD-767ADD660BD3}.Debug|ARM.ActiveCfg = Debug|Any CPU
		{6B23B5D2-132A-4F7F-BCCD-767ADD660BD3}.Debug|ARM.Build.0 = Debug|Any CPU
		{6B23B5D2-132A-4F7F-BCCD-767ADD660BD3}.Debug|ARM.Deploy.0 = Debug|Any CPU
		{6B23B5D2-132A-4F7F-BCCD-767ADD660BD3}.Debug|iPhone.ActiveCfg = Debug|Any CPU
		{6B23B5D2-132A-4F7F-BCCD-767ADD660BD3}.Debug|iPhone.Build.0 = Debug|Any CPU
		{6B23B5D2-132A-4F7F-BCCD-767ADD660BD3}.Debug|iPhone.Deploy.0 = Debug|Any CPU
		{6B23B5D2-132A-4F7F-BCCD-767ADD660BD3}.Debug|iPhoneSimulator.ActiveCfg = Debug|Any CPU
		{6B23B5D2-132A-4F7F-BCCD-767ADD660BD3}.Debug|iPhoneSimulator.Build.0 = Debug|Any CPU
		{6B23B5D2-132A-4F7F-BCCD-767ADD660BD3}.Debug|iPhoneSimulator.Deploy.0 = Debug|Any CPU
		{6B23B5D2-132A-4F7F-BCCD-767ADD660BD3}.Debug|x64.ActiveCfg = Debug|Any CPU
		{6B23B5D2-132A-4F7F-BCCD-767ADD660BD3}.Debug|x64.Build.0 = Debug|Any CPU
		{6B23B5D2-132A-4F7F-BCCD-767ADD660BD3}.Debug|x64.Deploy.0 = Debug|Any CPU
		{6B23B5D2-132A-4F7F-BCCD-767ADD660BD3}.Debug|x86.ActiveCfg = Debug|Any CPU
		{6B23B5D2-132A-4F7F-BCCD-767ADD660BD3}.Debug|x86.Build.0 = Debug|Any CPU
		{6B23B5D2-132A-4F7F-BCCD-767ADD660BD3}.Debug|x86.Deploy.0 = Debug|Any CPU
		{6B23B5D2-132A-4F7F-BCCD-767ADD660BD3}.Release|Any CPU.ActiveCfg = Release|Any CPU
		{6B23B5D2-132A-4F7F-BCCD-767ADD660BD3}.Release|Any CPU.Build.0 = Release|Any CPU
		{6B23B5D2-132A-4F7F-BCCD-767ADD660BD3}.Release|Any CPU.Deploy.0 = Release|Any CPU
		{6B23B5D2-132A-4F7F-BCCD-767ADD660BD3}.Release|ARM.ActiveCfg = Release|Any CPU
		{6B23B5D2-132A-4F7F-BCCD-767ADD660BD3}.Release|ARM.Build.0 = Release|Any CPU
		{6B23B5D2-132A-4F7F-BCCD-767ADD660BD3}.Release|ARM.Deploy.0 = Release|Any CPU
		{6B23B5D2-132A-4F7F-BCCD-767ADD660BD3}.Release|iPhone.ActiveCfg = Release|Any CPU
		{6B23B5D2-132A-4F7F-BCCD-767ADD660BD3}.Release|iPhone.Build.0 = Release|Any CPU
		{6B23B5D2-132A-4F7F-BCCD-767ADD660BD3}.Release|iPhone.Deploy.0 = Release|Any CPU
		{6B23B5D2-132A-4F7F-BCCD-767ADD660BD3}.Release|iPhoneSimulator.ActiveCfg = Release|Any CPU
		{6B23B5D2-132A-4F7F-BCCD-767ADD660BD3}.Release|iPhoneSimulator.Build.0 = Release|Any CPU
		{6B23B5D2-132A-4F7F-BCCD-767ADD660BD3}.Release|iPhoneSimulator.Deploy.0 = Release|Any CPU
		{6B23B5D2-132A-4F7F-BCCD-767ADD660BD3}.Release|x64.ActiveCfg = Release|Any CPU
		{6B23B5D2-132A-4F7F-BCCD-767ADD660BD3}.Release|x64.Build.0 = Release|Any CPU
		{6B23B5D2-132A-4F7F-BCCD-767ADD660BD3}.Release|x64.Deploy.0 = Release|Any CPU
		{6B23B5D2-132A-4F7F-BCCD-767ADD660BD3}.Release|x86.ActiveCfg = Release|Any CPU
		{6B23B5D2-132A-4F7F-BCCD-767ADD660BD3}.Release|x86.Build.0 = Release|Any CPU
		{6B23B5D2-132A-4F7F-BCCD-767ADD660BD3}.Release|x86.Deploy.0 = Release|Any CPU
	EndGlobalSection
	GlobalSection(SolutionProperties) = preSolution
		HideSolutionNode = FALSE
	EndGlobalSection
	GlobalSection(ExtensibilityGlobals) = postSolution
		SolutionGuid = {21DC4B08-50B3-4379-8D0E-7A65A8DE0F55}
	EndGlobalSection
EndGlobal
